PODS:
  - ActionSheetPicker-3.0 (2.5.0)
  - GoogleMaps (3.1.0):
    - GoogleMaps/Maps (= 3.1.0)
  - GoogleMaps/Base (3.1.0)
  - GoogleMaps/Maps (3.1.0):
    - GoogleMaps/Base
  - GooglePlacePicker (3.1.0):
    - GoogleMaps (= 3.1.0)
    - GooglePlaces (= 3.1.0)
  - GooglePlaces (3.1.0):
    - GoogleMaps/Base (= 3.1.0)
  - Surge (2.3.0)

DEPENDENCIES:
  - ActionSheetPicker-3.0 (~> 2.5.0)
  - GoogleMaps
  - GooglePlacePicker
  - GooglePlaces
  - Surge (~> 2.3)

SPEC REPOS:
  https://github.com/CocoaPods/Specs.git:
    - ActionSheetPicker-3.0
    - GoogleMaps
    - GooglePlacePicker
    - GooglePlaces
    - Surge

SPEC CHECKSUMS:
  ActionSheetPicker-3.0: 6d79f6f3b98e2b21d218dd65a39f634ff37a27e5
  GoogleMaps: 5c13302e6fe6bb6e686b267196586b91cd594225
  GooglePlacePicker: fa975116ac202ac29822c0a79758ea1c4db5a95f
  GooglePlaces: e874db179f2675c4f3eeda0b686b540273a578b0
  Surge: 13979cd9593e943f9ce1202439da2999ea57e46d

PODFILE CHECKSUM: c30d8b3f435689a477bdecd1c94c22181f91534c

COCOAPODS: 1.8.4
