// !$*UTF8*$!
{
	archiveVersion = 1;
	classes = {
	};
	objectVersion = 46;
	objects = {

/* Begin PBXBuildFile section */
		45475E471F34B013004DBC8E /* MapService.swift in Sources */ = {isa = PBXBuildFile; fileRef = 45475E381F34B013004DBC8E /* MapService.swift */; };
		45475E481F34B013004DBC8E /* AppNotify.swift in Sources */ = {isa = PBXBuildFile; fileRef = 45475E3A1F34B013004DBC8E /* AppNotify.swift */; };
		45475E491F34B013004DBC8E /* AppDelegate.swift in Sources */ = {isa = PBXBuildFile; fileRef = 45475E3B1F34B013004DBC8E /* AppDelegate.swift */; };
		45475E4A1F34B013004DBC8E /* Assets.xcassets in Resources */ = {isa = PBXBuildFile; fileRef = 45475E3C1F34B013004DBC8E /* Assets.xcassets */; };
		45475E4B1F34B013004DBC8E /* LaunchScreen.storyboard in Resources */ = {isa = PBXBuildFile; fileRef = 45475E3D1F34B013004DBC8E /* LaunchScreen.storyboard */; };
		45475E4C1F34B013004DBC8E /* Main.storyboard in Resources */ = {isa = PBXBuildFile; fileRef = 45475E3F1F34B013004DBC8E /* Main.storyboard */; };
		45475E4D1F34B013004DBC8E /* HCKalmanAlgorithm.swift in Sources */ = {isa = PBXBuildFile; fileRef = 45475E421F34B013004DBC8E /* HCKalmanAlgorithm.swift */; };
		45475E4E1F34B013004DBC8E /* HCMatrixObject.swift in Sources */ = {isa = PBXBuildFile; fileRef = 45475E431F34B013004DBC8E /* HCMatrixObject.swift */; };
		45475E501F34B013004DBC8E /* ViewController.swift in Sources */ = {isa = PBXBuildFile; fileRef = 45475E461F34B013004DBC8E /* ViewController.swift */; };
		71300978B1F96DDD640B149F /* Pods_HCKalmanFilter.framework in Frameworks */ = {isa = PBXBuildFile; fileRef = 08C563921F5AEC3C0A32DD3D /* Pods_HCKalmanFilter.framework */; };
/* End PBXBuildFile section */

/* Begin PBXFileReference section */
		08C563921F5AEC3C0A32DD3D /* Pods_HCKalmanFilter.framework */ = {isa = PBXFileReference; explicitFileType = wrapper.framework; includeInIndex = 0; path = Pods_HCKalmanFilter.framework; sourceTree = BUILT_PRODUCTS_DIR; };
		45475E381F34B013004DBC8E /* MapService.swift */ = {isa = PBXFileReference; fileEncoding = 4; lastKnownFileType = sourcecode.swift; path = MapService.swift; sourceTree = "<group>"; };
		45475E3A1F34B013004DBC8E /* AppNotify.swift */ = {isa = PBXFileReference; fileEncoding = 4; lastKnownFileType = sourcecode.swift; path = AppNotify.swift; sourceTree = "<group>"; };
		45475E3B1F34B013004DBC8E /* AppDelegate.swift */ = {isa = PBXFileReference; fileEncoding = 4; lastKnownFileType = sourcecode.swift; path = AppDelegate.swift; sourceTree = "<group>"; };
		45475E3C1F34B013004DBC8E /* Assets.xcassets */ = {isa = PBXFileReference; lastKnownFileType = folder.assetcatalog; path = Assets.xcassets; sourceTree = "<group>"; };
		45475E3E1F34B013004DBC8E /* Base */ = {isa = PBXFileReference; lastKnownFileType = file.storyboard; name = Base; path = Base.lproj/LaunchScreen.storyboard; sourceTree = "<group>"; };
		45475E401F34B013004DBC8E /* Base */ = {isa = PBXFileReference; lastKnownFileType = file.storyboard; name = Base; path = Base.lproj/Main.storyboard; sourceTree = "<group>"; };
		45475E421F34B013004DBC8E /* HCKalmanAlgorithm.swift */ = {isa = PBXFileReference; fileEncoding = 4; lastKnownFileType = sourcecode.swift; path = HCKalmanAlgorithm.swift; sourceTree = "<group>"; };
		45475E431F34B013004DBC8E /* HCMatrixObject.swift */ = {isa = PBXFileReference; fileEncoding = 4; lastKnownFileType = sourcecode.swift; path = HCMatrixObject.swift; sourceTree = "<group>"; };
		45475E441F34B013004DBC8E /* Info.plist */ = {isa = PBXFileReference; fileEncoding = 4; lastKnownFileType = text.plist.xml; path = Info.plist; sourceTree = "<group>"; };
		45475E461F34B013004DBC8E /* ViewController.swift */ = {isa = PBXFileReference; fileEncoding = 4; lastKnownFileType = sourcecode.swift; path = ViewController.swift; sourceTree = "<group>"; };
		45FC375C1EB07118008FADC3 /* HCKalmanFilter.app */ = {isa = PBXFileReference; explicitFileType = wrapper.application; includeInIndex = 0; path = HCKalmanFilter.app; sourceTree = BUILT_PRODUCTS_DIR; };
		7BEB2F7993A99A42A7401C18 /* Pods-HCKalmanFilter.debug.xcconfig */ = {isa = PBXFileReference; includeInIndex = 1; lastKnownFileType = text.xcconfig; name = "Pods-HCKalmanFilter.debug.xcconfig"; path = "Pods/Target Support Files/Pods-HCKalmanFilter/Pods-HCKalmanFilter.debug.xcconfig"; sourceTree = "<group>"; };
		D3AF6DA56FCFC33A9DBF93BF /* Pods-HCKalmanFilter.release.xcconfig */ = {isa = PBXFileReference; includeInIndex = 1; lastKnownFileType = text.xcconfig; name = "Pods-HCKalmanFilter.release.xcconfig"; path = "Pods/Target Support Files/Pods-HCKalmanFilter/Pods-HCKalmanFilter.release.xcconfig"; sourceTree = "<group>"; };
/* End PBXFileReference section */

/* Begin PBXFrameworksBuildPhase section */
		45FC37591EB07118008FADC3 /* Frameworks */ = {
			isa = PBXFrameworksBuildPhase;
			buildActionMask = 2147483647;
			files = (
				71300978B1F96DDD640B149F /* Pods_HCKalmanFilter.framework in Frameworks */,
			);
			runOnlyForDeploymentPostprocessing = 0;
		};
/* End PBXFrameworksBuildPhase section */

/* Begin PBXGroup section */
		32E9E7003245A6085038078F /* Pods */ = {
			isa = PBXGroup;
			children = (
				7BEB2F7993A99A42A7401C18 /* Pods-HCKalmanFilter.debug.xcconfig */,
				D3AF6DA56FCFC33A9DBF93BF /* Pods-HCKalmanFilter.release.xcconfig */,
			);
			name = Pods;
			sourceTree = "<group>";
		};
		45475E361F34B013004DBC8E /* HCKalmanFilter */ = {
			isa = PBXGroup;
			children = (
				45475E371F34B013004DBC8E /* AppCore */,
				45475E3B1F34B013004DBC8E /* AppDelegate.swift */,
				45475E3C1F34B013004DBC8E /* Assets.xcassets */,
				45475E3D1F34B013004DBC8E /* LaunchScreen.storyboard */,
				45475E3F1F34B013004DBC8E /* Main.storyboard */,
				45475E411F34B013004DBC8E /* HCKalmanAlgorithm */,
				45475E441F34B013004DBC8E /* Info.plist */,
				45475E451F34B013004DBC8E /* ViewControllers */,
			);
			path = HCKalmanFilter;
			sourceTree = "<group>";
		};
		45475E371F34B013004DBC8E /* AppCore */ = {
			isa = PBXGroup;
			children = (
				45475E381F34B013004DBC8E /* MapService.swift */,
				45475E391F34B013004DBC8E /* Utility */,
			);
			path = AppCore;
			sourceTree = "<group>";
		};
		45475E391F34B013004DBC8E /* Utility */ = {
			isa = PBXGroup;
			children = (
				45475E3A1F34B013004DBC8E /* AppNotify.swift */,
			);
			path = Utility;
			sourceTree = "<group>";
		};
		45475E411F34B013004DBC8E /* HCKalmanAlgorithm */ = {
			isa = PBXGroup;
			children = (
				45475E421F34B013004DBC8E /* HCKalmanAlgorithm.swift */,
				45475E431F34B013004DBC8E /* HCMatrixObject.swift */,
			);
			path = HCKalmanAlgorithm;
			sourceTree = "<group>";
		};
		45475E451F34B013004DBC8E /* ViewControllers */ = {
			isa = PBXGroup;
			children = (
				45475E461F34B013004DBC8E /* ViewController.swift */,
			);
			path = ViewControllers;
			sourceTree = "<group>";
		};
		45FC37531EB07118008FADC3 = {
			isa = PBXGroup;
			children = (
				45475E361F34B013004DBC8E /* HCKalmanFilter */,
				45FC375D1EB07118008FADC3 /* Products */,
				32E9E7003245A6085038078F /* Pods */,
				803048EA6D83692E34240A68 /* Frameworks */,
			);
			sourceTree = "<group>";
		};
		45FC375D1EB07118008FADC3 /* Products */ = {
			isa = PBXGroup;
			children = (
				45FC375C1EB07118008FADC3 /* HCKalmanFilter.app */,
			);
			name = Products;
			sourceTree = "<group>";
		};
		803048EA6D83692E34240A68 /* Frameworks */ = {
			isa = PBXGroup;
			children = (
				08C563921F5AEC3C0A32DD3D /* Pods_HCKalmanFilter.framework */,
			);
			name = Frameworks;
			sourceTree = "<group>";
		};
/* End PBXGroup section */

/* Begin PBXNativeTarget section */
		45FC375B1EB07118008FADC3 /* HCKalmanFilter */ = {
			isa = PBXNativeTarget;
			buildConfigurationList = 45FC376E1EB07118008FADC3 /* Build configuration list for PBXNativeTarget "HCKalmanFilter" */;
			buildPhases = (
				ED017A26EE686585286D032D /* [CP] Check Pods Manifest.lock */,
				45FC37581EB07118008FADC3 /* Sources */,
				45FC37591EB07118008FADC3 /* Frameworks */,
				45FC375A1EB07118008FADC3 /* Resources */,
				E7657FE938A064DEFAED0E17 /* [CP] Embed Pods Frameworks */,
				76B2D1B73F3740414F08DC8D /* [CP] Copy Pods Resources */,
			);
			buildRules = (
			);
			dependencies = (
			);
			name = HCKalmanFilter;
			productName = KlamanFilter;
			productReference = 45FC375C1EB07118008FADC3 /* HCKalmanFilter.app */;
			productType = "com.apple.product-type.application";
		};
/* End PBXNativeTarget section */

/* Begin PBXProject section */
		45FC37541EB07118008FADC3 /* Project object */ = {
			isa = PBXProject;
			attributes = {
				LastSwiftUpdateCheck = 0830;
				LastUpgradeCheck = 0830;
				ORGANIZATIONNAME = Hypercube1;
				TargetAttributes = {
					45FC375B1EB07118008FADC3 = {
						CreatedOnToolsVersion = 8.3.2;
						DevelopmentTeam = E5FYD94489;
						ProvisioningStyle = Automatic;
						SystemCapabilities = {
							com.apple.BackgroundModes = {
								enabled = 1;
							};
						};
					};
				};
			};
			buildConfigurationList = 45FC37571EB07118008FADC3 /* Build configuration list for PBXProject "HCKalmanFilter" */;
			compatibilityVersion = "Xcode 3.2";
			developmentRegion = English;
			hasScannedForEncodings = 0;
			knownRegions = (
				en,
				Base,
			);
			mainGroup = 45FC37531EB07118008FADC3;
			productRefGroup = 45FC375D1EB07118008FADC3 /* Products */;
			projectDirPath = "";
			projectRoot = "";
			targets = (
				45FC375B1EB07118008FADC3 /* HCKalmanFilter */,
			);
		};
/* End PBXProject section */

/* Begin PBXResourcesBuildPhase section */
		45FC375A1EB07118008FADC3 /* Resources */ = {
			isa = PBXResourcesBuildPhase;
			buildActionMask = 2147483647;
			files = (
				45475E4C1F34B013004DBC8E /* Main.storyboard in Resources */,
				45475E4A1F34B013004DBC8E /* Assets.xcassets in Resources */,
				45475E4B1F34B013004DBC8E /* LaunchScreen.storyboard in Resources */,
			);
			runOnlyForDeploymentPostprocessing = 0;
		};
/* End PBXResourcesBuildPhase section */

/* Begin PBXShellScriptBuildPhase section */
		76B2D1B73F3740414F08DC8D /* [CP] Copy Pods Resources */ = {
			isa = PBXShellScriptBuildPhase;
			buildActionMask = 2147483647;
			files = (
			);
			inputPaths = (
			);
			name = "[CP] Copy Pods Resources";
			outputPaths = (
			);
			runOnlyForDeploymentPostprocessing = 0;
			shellPath = /bin/sh;
			shellScript = "\"${SRCROOT}/Pods/Target Support Files/Pods-HCKalmanFilter/Pods-HCKalmanFilter-resources.sh\"\n";
			showEnvVarsInLog = 0;
		};
		E7657FE938A064DEFAED0E17 /* [CP] Embed Pods Frameworks */ = {
			isa = PBXShellScriptBuildPhase;
			buildActionMask = 2147483647;
			files = (
			);
			inputPaths = (
			);
			name = "[CP] Embed Pods Frameworks";
			outputPaths = (
			);
			runOnlyForDeploymentPostprocessing = 0;
			shellPath = /bin/sh;
			shellScript = "\"${SRCROOT}/Pods/Target Support Files/Pods-HCKalmanFilter/Pods-HCKalmanFilter-frameworks.sh\"\n";
			showEnvVarsInLog = 0;
		};
		ED017A26EE686585286D032D /* [CP] Check Pods Manifest.lock */ = {
			isa = PBXShellScriptBuildPhase;
			buildActionMask = 2147483647;
			files = (
			);
			inputPaths = (
			);
			name = "[CP] Check Pods Manifest.lock";
			outputPaths = (
			);
			runOnlyForDeploymentPostprocessing = 0;
			shellPath = /bin/sh;
			shellScript = "diff \"${PODS_ROOT}/../Podfile.lock\" \"${PODS_ROOT}/Manifest.lock\" > /dev/null\nif [ $? != 0 ] ; then\n    # print error to STDERR\n    echo \"error: The sandbox is not in sync with the Podfile.lock. Run 'pod install' or update your CocoaPods installation.\" >&2\n    exit 1\nfi\n";
			showEnvVarsInLog = 0;
		};
/* End PBXShellScriptBuildPhase section */

/* Begin PBXSourcesBuildPhase section */
		45FC37581EB07118008FADC3 /* Sources */ = {
			isa = PBXSourcesBuildPhase;
			buildActionMask = 2147483647;
			files = (
				45475E501F34B013004DBC8E /* ViewController.swift in Sources */,
				45475E4D1F34B013004DBC8E /* HCKalmanAlgorithm.swift in Sources */,
				45475E491F34B013004DBC8E /* AppDelegate.swift in Sources */,
				45475E481F34B013004DBC8E /* AppNotify.swift in Sources */,
				45475E471F34B013004DBC8E /* MapService.swift in Sources */,
				45475E4E1F34B013004DBC8E /* HCMatrixObject.swift in Sources */,
			);
			runOnlyForDeploymentPostprocessing = 0;
		};
/* End PBXSourcesBuildPhase section */

/* Begin PBXVariantGroup section */
		45475E3D1F34B013004DBC8E /* LaunchScreen.storyboard */ = {
			isa = PBXVariantGroup;
			children = (
				45475E3E1F34B013004DBC8E /* Base */,
			);
			name = LaunchScreen.storyboard;
			sourceTree = "<group>";
		};
		45475E3F1F34B013004DBC8E /* Main.storyboard */ = {
			isa = PBXVariantGroup;
			children = (
				45475E401F34B013004DBC8E /* Base */,
			);
			name = Main.storyboard;
			sourceTree = "<group>";
		};
/* End PBXVariantGroup section */

/* Begin XCBuildConfiguration section */
		45FC376C1EB07118008FADC3 /* Debug */ = {
			isa = XCBuildConfiguration;
			buildSettings = {
				ALWAYS_SEARCH_USER_PATHS = NO;
				CLANG_ANALYZER_NONNULL = YES;
				CLANG_ANALYZER_NUMBER_OBJECT_CONVERSION = YES_AGGRESSIVE;
				CLANG_CXX_LANGUAGE_STANDARD = "gnu++0x";
				CLANG_CXX_LIBRARY = "libc++";
				CLANG_ENABLE_MODULES = YES;
				CLANG_ENABLE_OBJC_ARC = YES;
				CLANG_WARN_BOOL_CONVERSION = YES;
				CLANG_WARN_CONSTANT_CONVERSION = YES;
				CLANG_WARN_DIRECT_OBJC_ISA_USAGE = YES_ERROR;
				CLANG_WARN_DOCUMENTATION_COMMENTS = YES;
				CLANG_WARN_EMPTY_BODY = YES;
				CLANG_WARN_ENUM_CONVERSION = YES;
				CLANG_WARN_INFINITE_RECURSION = YES;
				CLANG_WARN_INT_CONVERSION = YES;
				CLANG_WARN_OBJC_ROOT_CLASS = YES_ERROR;
				CLANG_WARN_SUSPICIOUS_MOVE = YES;
				CLANG_WARN_UNREACHABLE_CODE = YES;
				CLANG_WARN__DUPLICATE_METHOD_MATCH = YES;
				"CODE_SIGN_IDENTITY[sdk=iphoneos*]" = "iPhone Developer";
				COPY_PHASE_STRIP = NO;
				DEBUG_INFORMATION_FORMAT = dwarf;
				ENABLE_STRICT_OBJC_MSGSEND = YES;
				ENABLE_TESTABILITY = YES;
				GCC_C_LANGUAGE_STANDARD = gnu99;
				GCC_DYNAMIC_NO_PIC = NO;
				GCC_NO_COMMON_BLOCKS = YES;
				GCC_OPTIMIZATION_LEVEL = 0;
				GCC_PREPROCESSOR_DEFINITIONS = (
					"DEBUG=1",
					"$(inherited)",
				);
				GCC_WARN_64_TO_32_BIT_CONVERSION = YES;
				GCC_WARN_ABOUT_RETURN_TYPE = YES_ERROR;
				GCC_WARN_UNDECLARED_SELECTOR = YES;
				GCC_WARN_UNINITIALIZED_AUTOS = YES_AGGRESSIVE;
				GCC_WARN_UNUSED_FUNCTION = YES;
				GCC_WARN_UNUSED_VARIABLE = YES;
				IPHONEOS_DEPLOYMENT_TARGET = 10.3;
				MTL_ENABLE_DEBUG_INFO = YES;
				ONLY_ACTIVE_ARCH = YES;
				SDKROOT = iphoneos;
				SWIFT_ACTIVE_COMPILATION_CONDITIONS = DEBUG;
				SWIFT_OPTIMIZATION_LEVEL = "-Onone";
				TARGETED_DEVICE_FAMILY = "1,2";
			};
			name = Debug;
		};
		45FC376D1EB07118008FADC3 /* Release */ = {
			isa = XCBuildConfiguration;
			buildSettings = {
				ALWAYS_SEARCH_USER_PATHS = NO;
				CLANG_ANALYZER_NONNULL = YES;
				CLANG_ANALYZER_NUMBER_OBJECT_CONVERSION = YES_AGGRESSIVE;
				CLANG_CXX_LANGUAGE_STANDARD = "gnu++0x";
				CLANG_CXX_LIBRARY = "libc++";
				CLANG_ENABLE_MODULES = YES;
				CLANG_ENABLE_OBJC_ARC = YES;
				CLANG_WARN_BOOL_CONVERSION = YES;
				CLANG_WARN_CONSTANT_CONVERSION = YES;
				CLANG_WARN_DIRECT_OBJC_ISA_USAGE = YES_ERROR;
				CLANG_WARN_DOCUMENTATION_COMMENTS = YES;
				CLANG_WARN_EMPTY_BODY = YES;
				CLANG_WARN_ENUM_CONVERSION = YES;
				CLANG_WARN_INFINITE_RECURSION = YES;
				CLANG_WARN_INT_CONVERSION = YES;
				CLANG_WARN_OBJC_ROOT_CLASS = YES_ERROR;
				CLANG_WARN_SUSPICIOUS_MOVE = YES;
				CLANG_WARN_UNREACHABLE_CODE = YES;
				CLANG_WARN__DUPLICATE_METHOD_MATCH = YES;
				"CODE_SIGN_IDENTITY[sdk=iphoneos*]" = "iPhone Developer";
				COPY_PHASE_STRIP = NO;
				DEBUG_INFORMATION_FORMAT = "dwarf-with-dsym";
				ENABLE_NS_ASSERTIONS = NO;
				ENABLE_STRICT_OBJC_MSGSEND = YES;
				GCC_C_LANGUAGE_STANDARD = gnu99;
				GCC_NO_COMMON_BLOCKS = YES;
				GCC_WARN_64_TO_32_BIT_CONVERSION = YES;
				GCC_WARN_ABOUT_RETURN_TYPE = YES_ERROR;
				GCC_WARN_UNDECLARED_SELECTOR = YES;
				GCC_WARN_UNINITIALIZED_AUTOS = YES_AGGRESSIVE;
				GCC_WARN_UNUSED_FUNCTION = YES;
				GCC_WARN_UNUSED_VARIABLE = YES;
				IPHONEOS_DEPLOYMENT_TARGET = 10.3;
				MTL_ENABLE_DEBUG_INFO = NO;
				SDKROOT = iphoneos;
				SWIFT_OPTIMIZATION_LEVEL = "-Owholemodule";
				TARGETED_DEVICE_FAMILY = "1,2";
				VALIDATE_PRODUCT = YES;
			};
			name = Release;
		};
		45FC376F1EB07118008FADC3 /* Debug */ = {
			isa = XCBuildConfiguration;
			baseConfigurationReference = 7BEB2F7993A99A42A7401C18 /* Pods-HCKalmanFilter.debug.xcconfig */;
			buildSettings = {
				ASSETCATALOG_COMPILER_APPICON_NAME = AppIcon;
				DEVELOPMENT_TEAM = E5FYD94489;
				INFOPLIST_FILE = "$(SRCROOT)/HCKalmanFilter/Info.plist";
				LD_RUNPATH_SEARCH_PATHS = "$(inherited) @executable_path/Frameworks";
				PRODUCT_BUNDLE_IDENTIFIER = com.hypercubesoft.HCKalmanFilter;
				PRODUCT_NAME = "$(TARGET_NAME)";
				SWIFT_VERSION = 3.0;
				TARGETED_DEVICE_FAMILY = 1;
			};
			name = Debug;
		};
		45FC37701EB07118008FADC3 /* Release */ = {
			isa = XCBuildConfiguration;
			baseConfigurationReference = D3AF6DA56FCFC33A9DBF93BF /* Pods-HCKalmanFilter.release.xcconfig */;
			buildSettings = {
				ASSETCATALOG_COMPILER_APPICON_NAME = AppIcon;
				DEVELOPMENT_TEAM = E5FYD94489;
				INFOPLIST_FILE = "$(SRCROOT)/HCKalmanFilter/Info.plist";
				LD_RUNPATH_SEARCH_PATHS = "$(inherited) @executable_path/Frameworks";
				PRODUCT_BUNDLE_IDENTIFIER = com.hypercubesoft.HCKalmanFilter;
				PRODUCT_NAME = "$(TARGET_NAME)";
				SWIFT_VERSION = 3.0;
				TARGETED_DEVICE_FAMILY = 1;
			};
			name = Release;
		};
/* End XCBuildConfiguration section */

/* Begin XCConfigurationList section */
		45FC37571EB07118008FADC3 /* Build configuration list for PBXProject "HCKalmanFilter" */ = {
			isa = XCConfigurationList;
			buildConfigurations = (
				45FC376C1EB07118008FADC3 /* Debug */,
				45FC376D1EB07118008FADC3 /* Release */,
			);
			defaultConfigurationIsVisible = 0;
			defaultConfigurationName = Release;
		};
		45FC376E1EB07118008FADC3 /* Build configuration list for PBXNativeTarget "HCKalmanFilter" */ = {
			isa = XCConfigurationList;
			buildConfigurations = (
				45FC376F1EB07118008FADC3 /* Debug */,
				45FC37701EB07118008FADC3 /* Release */,
			);
			defaultConfigurationIsVisible = 0;
			defaultConfigurationName = Release;
		};
/* End XCConfigurationList section */
	};
	rootObject = 45FC37541EB07118008FADC3 /* Project object */;
}
