PODS:
  - ActionSheetPicker-3.0 (2.2.0)
  - GoogleMaps (2.2.0):
    - GoogleMaps/Maps (= 2.2.0)
  - GoogleMaps/Base (2.2.0)
  - GoogleMaps/Maps (2.2.0):
    - GoogleMaps/Base
  - GooglePlacePicker (2.2.0):
    - GoogleMaps (= 2.2.0)
    - GooglePlaces (= 2.2.0)
  - GooglePlaces (2.2.0):
    - GoogleMaps/Base (= 2.2.0)

DEPENDENCIES:
  - ActionSheetPicker-3.0 (~> 2.2.0)
  - GoogleMaps
  - GooglePlacePicker
  - GooglePlaces

SPEC CHECKSUMS:
  ActionSheetPicker-3.0: d11a4c12c6aaf704b8a3f56d179198c99f3e41e6
  GoogleMaps: 104c418d61ab8a05dff06ed0784c25ea9d37da45
  GooglePlacePicker: 345b1aabd42c9d6d9bf2369c1bae1234d903e764
  GooglePlaces: bca867d5e9da15384c794b945e4226848bc6e9d9

PODFILE CHECKSUM: c0745c5a24d7922761a517109d8b6e09fd231fed

COCOAPODS: 1.2.0
